
Microsoft Visual Studio Solution File, Format Version 12.00
# Visual Studio Version 17
VisualStudioVersion = 17.0.31912.275
MinimumVisualStudioVersion = 10.0.40219.1
Project("{9A19103F-16F7-4668-BE54-9A1E7A4F7556}") = "Findx", "src\Findx.Common\Findx.csproj", "{55E87DED-B59A-44E5-802A-050F6F2F828E}"
EndProject
Project("{9A19103F-16F7-4668-BE54-9A1E7A4F7556}") = "Findx.Configuration", "src\Findx.Configuration\Findx.Configuration.csproj", "{636D1167-B28F-4126-ACD6-C4179FB4DFD7}"
EndProject
Project("{9A19103F-16F7-4668-BE54-9A1E7A4F7556}") = "Findx.Discovery", "src\Findx.Discovery\Findx.Discovery.csproj", "{418CA844-2522-4A5F-9359-C29AF3474205}"
EndProject
Project("{9A19103F-16F7-4668-BE54-9A1E7A4F7556}") = "Findx.Discovery.Consul", "src\Findx.Discovery.Consul\Findx.Discovery.Consul.csproj", "{17D1F1BA-A9DF-4609-BAD7-9539FD38A15B}"
EndProject
Project("{9A19103F-16F7-4668-BE54-9A1E7A4F7556}") = "Findx.EventBus", "src\Findx.EventBus\Findx.EventBus.csproj", "{7A2A25EE-AA54-465B-93E9-B31D069D2E0E}"
EndProject
Project("{9A19103F-16F7-4668-BE54-9A1E7A4F7556}") = "Findx.ImageSharp", "src\Findx.ImageSharp\Findx.ImageSharp.csproj", "{C17CEFC4-1C93-4DE9-9793-E3E2B9092428}"
EndProject
Project("{9A19103F-16F7-4668-BE54-9A1E7A4F7556}") = "Findx.Redis", "src\Findx.Redis\Findx.Redis.csproj", "{DCDB8C13-59E1-4558-BBEF-402DE0910467}"
EndProject
Project("{9A19103F-16F7-4668-BE54-9A1E7A4F7556}") = "Findx.RabbitMQ", "src\Findx.RabbitMQ\Findx.RabbitMQ.csproj", "{E33C94E3-006B-461C-82EC-E443525774FA}"
EndProject
Project("{9A19103F-16F7-4668-BE54-9A1E7A4F7556}") = "Findx.SqlSugar", "src\Findx.SqlSugar\Findx.SqlSugar.csproj", "{9934DE92-F6EC-4C6F-AF44-BB5B113A9D8E}"
EndProject
Project("{9A19103F-16F7-4668-BE54-9A1E7A4F7556}") = "Findx.WebSocketCore", "src\Findx.WebSocketCore\Findx.WebSocketCore.csproj", "{509F6BE7-661E-4ABB-84CA-F46DDDF15B8E}"
EndProject
Project("{9A19103F-16F7-4668-BE54-9A1E7A4F7556}") = "Findx.MailKit", "src\Findx.MailKit\Findx.MailKit.csproj", "{0A1A01F2-AD8E-455B-820A-CE835E3769C1}"
EndProject
Project("{9A19103F-16F7-4668-BE54-9A1E7A4F7556}") = "Findx.AspNetCore", "src\Findx.AspNetCore\Findx.AspNetCore.csproj", "{08024614-D00F-406F-A99C-8685B604D8A1}"
EndProject
Project("{9A19103F-16F7-4668-BE54-9A1E7A4F7556}") = "Findx.DinkToPdf", "src\Findx.DinkToPdf\Findx.DinkToPdf.csproj", "{4589DBDF-ACC4-4ACE-A643-C6C2F473F819}"
EndProject
Project("{9A19103F-16F7-4668-BE54-9A1E7A4F7556}") = "Findx.EventBus.RabbitMQ", "src\Findx.EventBus.RabbitMQ\Findx.EventBus.RabbitMQ.csproj", "{73C2A5C9-193E-4CE5-A19E-B8A1914BB96C}"
EndProject
Project("{9A19103F-16F7-4668-BE54-9A1E7A4F7556}") = "Findx.Mapster", "src\Findx.Mapster\Findx.Mapster.csproj", "{D643BDEC-FE4C-4CEE-A275-0CB1A7AD0C03}"
EndProject
Project("{9A19103F-16F7-4668-BE54-9A1E7A4F7556}") = "Findx.Log4Net", "src\Findx.Log4Net\Findx.Log4Net.csproj", "{ACFE310E-ED1C-4A09-830E-E5E85CB9F650}"
EndProject
Project("{9A19103F-16F7-4668-BE54-9A1E7A4F7556}") = "Findx.NLog", "src\Findx.NLog\Findx.NLog.csproj", "{82A00FF0-4AFE-4DF0-ADDE-7ABFA17ABED1}"
EndProject
Project("{9A19103F-16F7-4668-BE54-9A1E7A4F7556}") = "Findx.Swagger", "src\Findx.Swagger\Findx.Swagger.csproj", "{A99DF781-B82C-4113-9789-946A5E405B33}"
EndProject
Project("{9A19103F-16F7-4668-BE54-9A1E7A4F7556}") = "Findx.FreeSql", "src\Findx.FreeSql\Findx.FreeSql.csproj", "{63B1A49F-9389-4EE5-921C-CC76F1563C56}"
EndProject
Project("{9A19103F-16F7-4668-BE54-9A1E7A4F7556}") = "Findx.Security", "src\Findx.Security\Findx.Security.csproj", "{6E0694F1-230D-43D4-84E8-EFC969F5E4E5}"
EndProject
Project("{9A19103F-16F7-4668-BE54-9A1E7A4F7556}") = "Findx.RPC", "src\Findx.RPC\Findx.RPC.csproj", "{E55E70F5-56C5-4717-A0A8-2D2575CF00A9}"
EndProject
Project("{9A19103F-16F7-4668-BE54-9A1E7A4F7556}") = "Findx.Discovery.Kubernetes", "src\Findx.Discovery.Kubernetes\Findx.Discovery.Kubernetes.csproj", "{330A28EC-991C-4BAD-BA17-7AEC39404D45}"
EndProject
Project("{9A19103F-16F7-4668-BE54-9A1E7A4F7556}") = "Findx.WebHost", "src\Findx.WebHost\Findx.WebHost.csproj", "{42D79752-8798-4118-B86A-A265425E1F61}"
EndProject
Project("{9A19103F-16F7-4668-BE54-9A1E7A4F7556}") = "Findx.Utf8Json", "src\Findx.Utf8Json\Findx.Utf8Json.csproj", "{30974B6E-9C8B-4B2F-AB82-B32620E455D3}"
EndProject
Project("{2150E333-8FDC-42A3-9474-1A3956D46DE8}") = "src", "src", "{B66E551E-1813-4080-BC15-E2D9888B8308}"
EndProject
Project("{9A19103F-16F7-4668-BE54-9A1E7A4F7556}") = "Findx.WebApiClient", "src\Findx.WebApiClient\Findx.WebApiClient.csproj", "{669FD454-BE9D-4F3F-9EBA-CF89E921D5BF}"
EndProject
Project("{9A19103F-16F7-4668-BE54-9A1E7A4F7556}") = "Findx.Castle", "src\Findx.Castle\Findx.Castle.csproj", "{FFDFE502-0888-4B4E-93D9-F35EC77875D2}"
EndProject
Project("{FAE04EC0-301F-11D3-BF4B-00C04F79EFBC}") = "Findx.Autofac", "src\Findx.Autofac\Findx.Autofac.csproj", "{66A2AAE3-F7B7-477E-806D-E07AD312D5AE}"
EndProject
Project("{2150E333-8FDC-42A3-9474-1A3956D46DE8}") = "modules", "modules", "{7F3FEAA2-C11E-437D-8D98-CCFECE28E891}"
EndProject
Project("{FAE04EC0-301F-11D3-BF4B-00C04F79EFBC}") = "Findx.Admin.WebHost", "modules\Findx.Admin.WebHost\Findx.Admin.WebHost.csproj", "{F56D0AA2-7755-454B-8B19-58DB22DAEBC0}"
EndProject
Project("{FAE04EC0-301F-11D3-BF4B-00C04F79EFBC}") = "Findx.Module.EleAdmin", "modules\Findx.Module.EleAdmin\Findx.Module.EleAdmin.csproj", "{EA1F8BA4-5A57-43E3-B145-594593DB4549}"
EndProject
Global
	GlobalSection(SolutionConfigurationPlatforms) = preSolution
		Debug|Any CPU = Debug|Any CPU
		Release|Any CPU = Release|Any CPU
	EndGlobalSection
	GlobalSection(ProjectConfigurationPlatforms) = postSolution
		{55E87DED-B59A-44E5-802A-050F6F2F828E}.Debug|Any CPU.ActiveCfg = Debug|Any CPU
		{55E87DED-B59A-44E5-802A-050F6F2F828E}.Debug|Any CPU.Build.0 = Debug|Any CPU
		{55E87DED-B59A-44E5-802A-050F6F2F828E}.Release|Any CPU.ActiveCfg = Release|Any CPU
		{55E87DED-B59A-44E5-802A-050F6F2F828E}.Release|Any CPU.Build.0 = Release|Any CPU
		{636D1167-B28F-4126-ACD6-C4179FB4DFD7}.Debug|Any CPU.ActiveCfg = Debug|Any CPU
		{636D1167-B28F-4126-ACD6-C4179FB4DFD7}.Debug|Any CPU.Build.0 = Debug|Any CPU
		{636D1167-B28F-4126-ACD6-C4179FB4DFD7}.Release|Any CPU.ActiveCfg = Release|Any CPU
		{636D1167-B28F-4126-ACD6-C4179FB4DFD7}.Release|Any CPU.Build.0 = Release|Any CPU
		{418CA844-2522-4A5F-9359-C29AF3474205}.Debug|Any CPU.ActiveCfg = Debug|Any CPU
		{418CA844-2522-4A5F-9359-C29AF3474205}.Debug|Any CPU.Build.0 = Debug|Any CPU
		{418CA844-2522-4A5F-9359-C29AF3474205}.Release|Any CPU.ActiveCfg = Release|Any CPU
		{418CA844-2522-4A5F-9359-C29AF3474205}.Release|Any CPU.Build.0 = Release|Any CPU
		{17D1F1BA-A9DF-4609-BAD7-9539FD38A15B}.Debug|Any CPU.ActiveCfg = Debug|Any CPU
		{17D1F1BA-A9DF-4609-BAD7-9539FD38A15B}.Debug|Any CPU.Build.0 = Debug|Any CPU
		{17D1F1BA-A9DF-4609-BAD7-9539FD38A15B}.Release|Any CPU.ActiveCfg = Release|Any CPU
		{17D1F1BA-A9DF-4609-BAD7-9539FD38A15B}.Release|Any CPU.Build.0 = Release|Any CPU
		{7A2A25EE-AA54-465B-93E9-B31D069D2E0E}.Debug|Any CPU.ActiveCfg = Debug|Any CPU
		{7A2A25EE-AA54-465B-93E9-B31D069D2E0E}.Debug|Any CPU.Build.0 = Debug|Any CPU
		{7A2A25EE-AA54-465B-93E9-B31D069D2E0E}.Release|Any CPU.ActiveCfg = Release|Any CPU
		{7A2A25EE-AA54-465B-93E9-B31D069D2E0E}.Release|Any CPU.Build.0 = Release|Any CPU
		{C17CEFC4-1C93-4DE9-9793-E3E2B9092428}.Debug|Any CPU.ActiveCfg = Debug|Any CPU
		{C17CEFC4-1C93-4DE9-9793-E3E2B9092428}.Debug|Any CPU.Build.0 = Debug|Any CPU
		{C17CEFC4-1C93-4DE9-9793-E3E2B9092428}.Release|Any CPU.ActiveCfg = Release|Any CPU
		{C17CEFC4-1C93-4DE9-9793-E3E2B9092428}.Release|Any CPU.Build.0 = Release|Any CPU
		{DCDB8C13-59E1-4558-BBEF-402DE0910467}.Debug|Any CPU.ActiveCfg = Debug|Any CPU
		{DCDB8C13-59E1-4558-BBEF-402DE0910467}.Debug|Any CPU.Build.0 = Debug|Any CPU
		{DCDB8C13-59E1-4558-BBEF-402DE0910467}.Release|Any CPU.ActiveCfg = Release|Any CPU
		{DCDB8C13-59E1-4558-BBEF-402DE0910467}.Release|Any CPU.Build.0 = Release|Any CPU
		{E33C94E3-006B-461C-82EC-E443525774FA}.Debug|Any CPU.ActiveCfg = Debug|Any CPU
		{E33C94E3-006B-461C-82EC-E443525774FA}.Debug|Any CPU.Build.0 = Debug|Any CPU
		{E33C94E3-006B-461C-82EC-E443525774FA}.Release|Any CPU.ActiveCfg = Release|Any CPU
		{E33C94E3-006B-461C-82EC-E443525774FA}.Release|Any CPU.Build.0 = Release|Any CPU
		{9934DE92-F6EC-4C6F-AF44-BB5B113A9D8E}.Debug|Any CPU.ActiveCfg = Debug|Any CPU
		{9934DE92-F6EC-4C6F-AF44-BB5B113A9D8E}.Debug|Any CPU.Build.0 = Debug|Any CPU
		{9934DE92-F6EC-4C6F-AF44-BB5B113A9D8E}.Release|Any CPU.ActiveCfg = Release|Any CPU
		{9934DE92-F6EC-4C6F-AF44-BB5B113A9D8E}.Release|Any CPU.Build.0 = Release|Any CPU
		{509F6BE7-661E-4ABB-84CA-F46DDDF15B8E}.Debug|Any CPU.ActiveCfg = Debug|Any CPU
		{509F6BE7-661E-4ABB-84CA-F46DDDF15B8E}.Debug|Any CPU.Build.0 = Debug|Any CPU
		{509F6BE7-661E-4ABB-84CA-F46DDDF15B8E}.Release|Any CPU.ActiveCfg = Release|Any CPU
		{509F6BE7-661E-4ABB-84CA-F46DDDF15B8E}.Release|Any CPU.Build.0 = Release|Any CPU
		{0A1A01F2-AD8E-455B-820A-CE835E3769C1}.Debug|Any CPU.ActiveCfg = Debug|Any CPU
		{0A1A01F2-AD8E-455B-820A-CE835E3769C1}.Debug|Any CPU.Build.0 = Debug|Any CPU
		{0A1A01F2-AD8E-455B-820A-CE835E3769C1}.Release|Any CPU.ActiveCfg = Release|Any CPU
		{0A1A01F2-AD8E-455B-820A-CE835E3769C1}.Release|Any CPU.Build.0 = Release|Any CPU
		{08024614-D00F-406F-A99C-8685B604D8A1}.Debug|Any CPU.ActiveCfg = Debug|Any CPU
		{08024614-D00F-406F-A99C-8685B604D8A1}.Debug|Any CPU.Build.0 = Debug|Any CPU
		{08024614-D00F-406F-A99C-8685B604D8A1}.Release|Any CPU.ActiveCfg = Release|Any CPU
		{08024614-D00F-406F-A99C-8685B604D8A1}.Release|Any CPU.Build.0 = Release|Any CPU
		{4589DBDF-ACC4-4ACE-A643-C6C2F473F819}.Debug|Any CPU.ActiveCfg = Debug|Any CPU
		{4589DBDF-ACC4-4ACE-A643-C6C2F473F819}.Debug|Any CPU.Build.0 = Debug|Any CPU
		{4589DBDF-ACC4-4ACE-A643-C6C2F473F819}.Release|Any CPU.ActiveCfg = Release|Any CPU
		{4589DBDF-ACC4-4ACE-A643-C6C2F473F819}.Release|Any CPU.Build.0 = Release|Any CPU
		{73C2A5C9-193E-4CE5-A19E-B8A1914BB96C}.Debug|Any CPU.ActiveCfg = Debug|Any CPU
		{73C2A5C9-193E-4CE5-A19E-B8A1914BB96C}.Debug|Any CPU.Build.0 = Debug|Any CPU
		{73C2A5C9-193E-4CE5-A19E-B8A1914BB96C}.Release|Any CPU.ActiveCfg = Release|Any CPU
		{73C2A5C9-193E-4CE5-A19E-B8A1914BB96C}.Release|Any CPU.Build.0 = Release|Any CPU
		{D643BDEC-FE4C-4CEE-A275-0CB1A7AD0C03}.Debug|Any CPU.ActiveCfg = Debug|Any CPU
		{D643BDEC-FE4C-4CEE-A275-0CB1A7AD0C03}.Debug|Any CPU.Build.0 = Debug|Any CPU
		{D643BDEC-FE4C-4CEE-A275-0CB1A7AD0C03}.Release|Any CPU.ActiveCfg = Release|Any CPU
		{D643BDEC-FE4C-4CEE-A275-0CB1A7AD0C03}.Release|Any CPU.Build.0 = Release|Any CPU
		{ACFE310E-ED1C-4A09-830E-E5E85CB9F650}.Debug|Any CPU.ActiveCfg = Debug|Any CPU
		{ACFE310E-ED1C-4A09-830E-E5E85CB9F650}.Debug|Any CPU.Build.0 = Debug|Any CPU
		{ACFE310E-ED1C-4A09-830E-E5E85CB9F650}.Release|Any CPU.ActiveCfg = Release|Any CPU
		{ACFE310E-ED1C-4A09-830E-E5E85CB9F650}.Release|Any CPU.Build.0 = Release|Any CPU
		{82A00FF0-4AFE-4DF0-ADDE-7ABFA17ABED1}.Debug|Any CPU.ActiveCfg = Debug|Any CPU
		{82A00FF0-4AFE-4DF0-ADDE-7ABFA17ABED1}.Debug|Any CPU.Build.0 = Debug|Any CPU
		{82A00FF0-4AFE-4DF0-ADDE-7ABFA17ABED1}.Release|Any CPU.ActiveCfg = Release|Any CPU
		{82A00FF0-4AFE-4DF0-ADDE-7ABFA17ABED1}.Release|Any CPU.Build.0 = Release|Any CPU
		{A99DF781-B82C-4113-9789-946A5E405B33}.Debug|Any CPU.ActiveCfg = Debug|Any CPU
		{A99DF781-B82C-4113-9789-946A5E405B33}.Debug|Any CPU.Build.0 = Debug|Any CPU
		{A99DF781-B82C-4113-9789-946A5E405B33}.Release|Any CPU.ActiveCfg = Release|Any CPU
		{A99DF781-B82C-4113-9789-946A5E405B33}.Release|Any CPU.Build.0 = Release|Any CPU
		{63B1A49F-9389-4EE5-921C-CC76F1563C56}.Debug|Any CPU.ActiveCfg = Debug|Any CPU
		{63B1A49F-9389-4EE5-921C-CC76F1563C56}.Debug|Any CPU.Build.0 = Debug|Any CPU
		{63B1A49F-9389-4EE5-921C-CC76F1563C56}.Release|Any CPU.ActiveCfg = Release|Any CPU
		{63B1A49F-9389-4EE5-921C-CC76F1563C56}.Release|Any CPU.Build.0 = Release|Any CPU
		{6E0694F1-230D-43D4-84E8-EFC969F5E4E5}.Debug|Any CPU.ActiveCfg = Debug|Any CPU
		{6E0694F1-230D-43D4-84E8-EFC969F5E4E5}.Debug|Any CPU.Build.0 = Debug|Any CPU
		{6E0694F1-230D-43D4-84E8-EFC969F5E4E5}.Release|Any CPU.ActiveCfg = Release|Any CPU
		{6E0694F1-230D-43D4-84E8-EFC969F5E4E5}.Release|Any CPU.Build.0 = Release|Any CPU
		{E55E70F5-56C5-4717-A0A8-2D2575CF00A9}.Debug|Any CPU.ActiveCfg = Debug|Any CPU
		{E55E70F5-56C5-4717-A0A8-2D2575CF00A9}.Debug|Any CPU.Build.0 = Debug|Any CPU
		{E55E70F5-56C5-4717-A0A8-2D2575CF00A9}.Release|Any CPU.ActiveCfg = Release|Any CPU
		{E55E70F5-56C5-4717-A0A8-2D2575CF00A9}.Release|Any CPU.Build.0 = Release|Any CPU
		{330A28EC-991C-4BAD-BA17-7AEC39404D45}.Debug|Any CPU.ActiveCfg = Debug|Any CPU
		{330A28EC-991C-4BAD-BA17-7AEC39404D45}.Debug|Any CPU.Build.0 = Debug|Any CPU
		{330A28EC-991C-4BAD-BA17-7AEC39404D45}.Release|Any CPU.ActiveCfg = Release|Any CPU
		{330A28EC-991C-4BAD-BA17-7AEC39404D45}.Release|Any CPU.Build.0 = Release|Any CPU
		{42D79752-8798-4118-B86A-A265425E1F61}.Debug|Any CPU.ActiveCfg = Debug|Any CPU
		{42D79752-8798-4118-B86A-A265425E1F61}.Debug|Any CPU.Build.0 = Debug|Any CPU
		{42D79752-8798-4118-B86A-A265425E1F61}.Release|Any CPU.ActiveCfg = Release|Any CPU
		{42D79752-8798-4118-B86A-A265425E1F61}.Release|Any CPU.Build.0 = Release|Any CPU
		{30974B6E-9C8B-4B2F-AB82-B32620E455D3}.Debug|Any CPU.ActiveCfg = Debug|Any CPU
		{30974B6E-9C8B-4B2F-AB82-B32620E455D3}.Debug|Any CPU.Build.0 = Debug|Any CPU
		{30974B6E-9C8B-4B2F-AB82-B32620E455D3}.Release|Any CPU.ActiveCfg = Release|Any CPU
		{30974B6E-9C8B-4B2F-AB82-B32620E455D3}.Release|Any CPU.Build.0 = Release|Any CPU
		{669FD454-BE9D-4F3F-9EBA-CF89E921D5BF}.Debug|Any CPU.ActiveCfg = Debug|Any CPU
		{669FD454-BE9D-4F3F-9EBA-CF89E921D5BF}.Debug|Any CPU.Build.0 = Debug|Any CPU
		{669FD454-BE9D-4F3F-9EBA-CF89E921D5BF}.Release|Any CPU.ActiveCfg = Release|Any CPU
		{669FD454-BE9D-4F3F-9EBA-CF89E921D5BF}.Release|Any CPU.Build.0 = Release|Any CPU
		{FFDFE502-0888-4B4E-93D9-F35EC77875D2}.Debug|Any CPU.ActiveCfg = Debug|Any CPU
		{FFDFE502-0888-4B4E-93D9-F35EC77875D2}.Debug|Any CPU.Build.0 = Debug|Any CPU
		{FFDFE502-0888-4B4E-93D9-F35EC77875D2}.Release|Any CPU.ActiveCfg = Release|Any CPU
		{FFDFE502-0888-4B4E-93D9-F35EC77875D2}.Release|Any CPU.Build.0 = Release|Any CPU
		{66A2AAE3-F7B7-477E-806D-E07AD312D5AE}.Debug|Any CPU.ActiveCfg = Debug|Any CPU
		{66A2AAE3-F7B7-477E-806D-E07AD312D5AE}.Debug|Any CPU.Build.0 = Debug|Any CPU
		{66A2AAE3-F7B7-477E-806D-E07AD312D5AE}.Release|Any CPU.ActiveCfg = Release|Any CPU
		{66A2AAE3-F7B7-477E-806D-E07AD312D5AE}.Release|Any CPU.Build.0 = Release|Any CPU
		{F56D0AA2-7755-454B-8B19-58DB22DAEBC0}.Debug|Any CPU.ActiveCfg = Debug|Any CPU
		{F56D0AA2-7755-454B-8B19-58DB22DAEBC0}.Debug|Any CPU.Build.0 = Debug|Any CPU
		{F56D0AA2-7755-454B-8B19-58DB22DAEBC0}.Release|Any CPU.ActiveCfg = Release|Any CPU
		{F56D0AA2-7755-454B-8B19-58DB22DAEBC0}.Release|Any CPU.Build.0 = Release|Any CPU
		{EA1F8BA4-5A57-43E3-B145-594593DB4549}.Debug|Any CPU.ActiveCfg = Debug|Any CPU
		{EA1F8BA4-5A57-43E3-B145-594593DB4549}.Debug|Any CPU.Build.0 = Debug|Any CPU
		{EA1F8BA4-5A57-43E3-B145-594593DB4549}.Release|Any CPU.ActiveCfg = Release|Any CPU
		{EA1F8BA4-5A57-43E3-B145-594593DB4549}.Release|Any CPU.Build.0 = Release|Any CPU
	EndGlobalSection
	GlobalSection(SolutionProperties) = preSolution
		HideSolutionNode = FALSE
	EndGlobalSection
	GlobalSection(NestedProjects) = preSolution
		{55E87DED-B59A-44E5-802A-050F6F2F828E} = {B66E551E-1813-4080-BC15-E2D9888B8308}
		{636D1167-B28F-4126-ACD6-C4179FB4DFD7} = {B66E551E-1813-4080-BC15-E2D9888B8308}
		{418CA844-2522-4A5F-9359-C29AF3474205} = {B66E551E-1813-4080-BC15-E2D9888B8308}
		{17D1F1BA-A9DF-4609-BAD7-9539FD38A15B} = {B66E551E-1813-4080-BC15-E2D9888B8308}
		{7A2A25EE-AA54-465B-93E9-B31D069D2E0E} = {B66E551E-1813-4080-BC15-E2D9888B8308}
		{C17CEFC4-1C93-4DE9-9793-E3E2B9092428} = {B66E551E-1813-4080-BC15-E2D9888B8308}
		{DCDB8C13-59E1-4558-BBEF-402DE0910467} = {B66E551E-1813-4080-BC15-E2D9888B8308}
		{E33C94E3-006B-461C-82EC-E443525774FA} = {B66E551E-1813-4080-BC15-E2D9888B8308}
		{9934DE92-F6EC-4C6F-AF44-BB5B113A9D8E} = {B66E551E-1813-4080-BC15-E2D9888B8308}
		{509F6BE7-661E-4ABB-84CA-F46DDDF15B8E} = {B66E551E-1813-4080-BC15-E2D9888B8308}
		{0A1A01F2-AD8E-455B-820A-CE835E3769C1} = {B66E551E-1813-4080-BC15-E2D9888B8308}
		{08024614-D00F-406F-A99C-8685B604D8A1} = {B66E551E-1813-4080-BC15-E2D9888B8308}
		{4589DBDF-ACC4-4ACE-A643-C6C2F473F819} = {B66E551E-1813-4080-BC15-E2D9888B8308}
		{73C2A5C9-193E-4CE5-A19E-B8A1914BB96C} = {B66E551E-1813-4080-BC15-E2D9888B8308}
		{D643BDEC-FE4C-4CEE-A275-0CB1A7AD0C03} = {B66E551E-1813-4080-BC15-E2D9888B8308}
		{ACFE310E-ED1C-4A09-830E-E5E85CB9F650} = {B66E551E-1813-4080-BC15-E2D9888B8308}
		{82A00FF0-4AFE-4DF0-ADDE-7ABFA17ABED1} = {B66E551E-1813-4080-BC15-E2D9888B8308}
		{A99DF781-B82C-4113-9789-946A5E405B33} = {B66E551E-1813-4080-BC15-E2D9888B8308}
		{63B1A49F-9389-4EE5-921C-CC76F1563C56} = {B66E551E-1813-4080-BC15-E2D9888B8308}
		{6E0694F1-230D-43D4-84E8-EFC969F5E4E5} = {B66E551E-1813-4080-BC15-E2D9888B8308}
		{E55E70F5-56C5-4717-A0A8-2D2575CF00A9} = {B66E551E-1813-4080-BC15-E2D9888B8308}
		{330A28EC-991C-4BAD-BA17-7AEC39404D45} = {B66E551E-1813-4080-BC15-E2D9888B8308}
		{42D79752-8798-4118-B86A-A265425E1F61} = {B66E551E-1813-4080-BC15-E2D9888B8308}
		{30974B6E-9C8B-4B2F-AB82-B32620E455D3} = {B66E551E-1813-4080-BC15-E2D9888B8308}
		{669FD454-BE9D-4F3F-9EBA-CF89E921D5BF} = {B66E551E-1813-4080-BC15-E2D9888B8308}
		{FFDFE502-0888-4B4E-93D9-F35EC77875D2} = {B66E551E-1813-4080-BC15-E2D9888B8308}
		{66A2AAE3-F7B7-477E-806D-E07AD312D5AE} = {B66E551E-1813-4080-BC15-E2D9888B8308}
		{F56D0AA2-7755-454B-8B19-58DB22DAEBC0} = {7F3FEAA2-C11E-437D-8D98-CCFECE28E891}
		{EA1F8BA4-5A57-43E3-B145-594593DB4549} = {7F3FEAA2-C11E-437D-8D98-CCFECE28E891}
	EndGlobalSection
	GlobalSection(ExtensibilityGlobals) = postSolution
		SolutionGuid = {7630DAB2-2CEC-407B-81D8-220E7EF09F33}
	EndGlobalSection
EndGlobal
